
Microsoft Visual Studio Solution File, Format Version 11.00
# Visual Studio 2010
Project("{8BC9CEB8-8B4A-11D0-8D11-00A0C91BC942}") = "async_io", "async_io\async_io.vcxproj", "{541CA928-D0D4-4E58-A384-C38343F931F1}"
EndProject
Global
	GlobalSection(SolutionConfigurationPlatforms) = preSolution
		Debug|Win32 = Debug|Win32
		Release|Win32 = Release|Win32
	EndGlobalSection
	GlobalSection(ProjectConfigurationPlatforms) = postSolution
		{541CA928-D0D4-4E58-A384-C38343F931F1}.Debug|Win32.ActiveCfg = Debug|Win32
		{541CA928-D0D4-4E58-A384-C38343F931F1}.Debug|Win32.Build.0 = Debug|Win32
		{541CA928-D0D4-4E58-A384-C38343F931F1}.Release|Win32.ActiveCfg = Release|Win32
		{541CA928-D0D4-4E58-A384-C38343F931F1}.Release|Win32.Build.0 = Release|Win32
	EndGlobalSection
	GlobalSection(SolutionProperties) = preSolution
		HideSolutionNode = FALSE
	EndGlobalSection
EndGlobal
