
Microsoft Visual Studio Solution File, Format Version 12.00
# Visual Studio 2013
VisualStudioVersion = 12.0.20617.1 PREVIEW
MinimumVisualStudioVersion = 10.0.40219.1
Project("{8BC9CEB8-8B4A-11D0-8D11-00A0C91BC942}") = "timing_wheel_test", "timing_wheel_test\timing_wheel_test.vcxproj", "{E6390188-5021-425D-AB19-C20FDB7F72FF}"
EndProject
Global
	GlobalSection(SolutionConfigurationPlatforms) = preSolution
		Debug|Win32 = Debug|Win32
		Release|Win32 = Release|Win32
	EndGlobalSection
	GlobalSection(ProjectConfigurationPlatforms) = postSolution
		{E6390188-5021-425D-AB19-C20FDB7F72FF}.Debug|Win32.ActiveCfg = Debug|Win32
		{E6390188-5021-425D-AB19-C20FDB7F72FF}.Debug|Win32.Build.0 = Debug|Win32
		{E6390188-5021-425D-AB19-C20FDB7F72FF}.Release|Win32.ActiveCfg = Release|Win32
		{E6390188-5021-425D-AB19-C20FDB7F72FF}.Release|Win32.Build.0 = Release|Win32
	EndGlobalSection
	GlobalSection(SolutionProperties) = preSolution
		HideSolutionNode = FALSE
	EndGlobalSection
EndGlobal
