<?xml version="1.0" encoding="utf-8"?>
<Project ToolsVersion="4.0" xmlns="http://schemas.microsoft.com/developer/msbuild/2003">
  <ItemGroup>
    <Filter Include="Source Files">
      <UniqueIdentifier>{4FC737F1-C7A5-4376-A066-2A32D752A2FF}</UniqueIdentifier>
      <Extensions>cpp;c;cc;cxx;def;odl;idl;hpj;bat;asm;asmx</Extensions>
    </Filter>
    <Filter Include="Header Files">
      <UniqueIdentifier>{93995380-89BD-4b04-88EB-625FBE52EBFB}</UniqueIdentifier>
      <Extensions>h;hpp;hxx;hm;inl;inc;xsd</Extensions>
    </Filter>
    <Filter Include="Resource Files">
      <UniqueIdentifier>{67DA6AB6-F800-4c08-8B7A-83BB121AAD01}</UniqueIdentifier>
      <Extensions>rc;ico;cur;bmp;dlg;rc2;rct;bin;rgs;gif;jpg;jpeg;jpe;resx;tiff;tif;png;wav;mfcribbon-ms</Extensions>
    </Filter>
    <Filter Include="include">
      <UniqueIdentifier>{19fc4e54-f193-4740-844c-9f8fa43f8082}</UniqueIdentifier>
    </Filter>
    <Filter Include="include\async_io">
      <UniqueIdentifier>{6bfe21d4-5ff7-4b45-9153-5d6fdba622ee}</UniqueIdentifier>
    </Filter>
    <Filter Include="include\async_io\service">
      <UniqueIdentifier>{e1858049-81b3-4921-87d4-655c2806cb76}</UniqueIdentifier>
    </Filter>
    <Filter Include="include\async_io\network">
      <UniqueIdentifier>{7e4c3937-e2fc-4455-b1c9-06a9dba1d452}</UniqueIdentifier>
    </Filter>
    <Filter Include="include\async_io\timer">
      <UniqueIdentifier>{3ce81102-f3f4-40f8-96fa-d4806e997160}</UniqueIdentifier>
    </Filter>
    <Filter Include="include\win32">
      <UniqueIdentifier>{5c664ab8-07c9-4e5d-9b23-0028b4ae5c73}</UniqueIdentifier>
    </Filter>
    <Filter Include="include\win32\debug">
      <UniqueIdentifier>{8716bd96-06bf-41fd-bbb2-8e22b98b82c5}</UniqueIdentifier>
    </Filter>
    <Filter Include="include\async_io\timer\detail">
      <UniqueIdentifier>{cdb23123-5fdc-4ec0-9280-9d2a42d6e374}</UniqueIdentifier>
    </Filter>
  </ItemGroup>
  <ItemGroup>
    <None Include="ReadMe.txt" />
  </ItemGroup>
  <ItemGroup>
    <ClCompile Include="..\..\..\include\async_io\network\accept.cpp">
      <Filter>include\async_io\network</Filter>
    </ClCompile>
    <ClCompile Include="..\..\..\include\async_io\network\ip_address.cpp">
      <Filter>include\async_io\network</Filter>
    </ClCompile>
    <ClCompile Include="..\..\..\include\async_io\network\socket.cpp">
      <Filter>include\async_io\network</Filter>
    </ClCompile>
    <ClCompile Include="..\..\..\include\async_io\network\socket_provider.cpp">
      <Filter>include\async_io\network</Filter>
    </ClCompile>
    <ClCompile Include="..\..\..\include\async_io\service\async_result.cpp">
      <Filter>include\async_io\service</Filter>
    </ClCompile>
    <ClCompile Include="..\..\..\include\async_io\service\dispatcher.cpp">
      <Filter>include\async_io\service</Filter>
    </ClCompile>
    <ClCompile Include="..\..\..\include\async_io\service\exception.cpp">
      <Filter>include\async_io\service</Filter>
    </ClCompile>
    <ClCompile Include="..\..\..\include\async_io\network.cpp">
      <Filter>include\async_io</Filter>
    </ClCompile>
    <ClCompile Include="..\..\..\include\win32\debug\stack_walker.cpp">
      <Filter>include\win32\debug</Filter>
    </ClCompile>
    <ClCompile Include="..\..\..\include\async_io\timer\impl\timer_impl.cpp">
      <Filter>include\async_io\timer\detail</Filter>
    </ClCompile>
  </ItemGroup>
  <ItemGroup>
    <ClInclude Include="..\..\..\include\async_io\network\accept.hpp">
      <Filter>include\async_io\network</Filter>
    </ClInclude>
    <ClInclude Include="..\..\..\include\async_io\network\basic_acceptor.hpp">
      <Filter>include\async_io\network</Filter>
    </ClInclude>
    <ClInclude Include="..\..\..\include\async_io\network\basic_datagram_socket.hpp">
      <Filter>include\async_io\network</Filter>
    </ClInclude>
    <ClInclude Include="..\..\..\include\async_io\network\basic_stream_socket.hpp">
      <Filter>include\async_io\network</Filter>
    </ClInclude>
    <ClInclude Include="..\..\..\include\async_io\network\connect.hpp">
      <Filter>include\async_io\network</Filter>
    </ClInclude>
    <ClInclude Include="..\..\..\include\async_io\network\ip_address.hpp">
      <Filter>include\async_io\network</Filter>
    </ClInclude>
    <ClInclude Include="..\..\..\include\async_io\network\sock_init.hpp">
      <Filter>include\async_io\network</Filter>
    </ClInclude>
    <ClInclude Include="..\..\..\include\async_io\network\socket.hpp">
      <Filter>include\async_io\network</Filter>
    </ClInclude>
    <ClInclude Include="..\..\..\include\async_io\network\socket_option.hpp">
      <Filter>include\async_io\network</Filter>
    </ClInclude>
    <ClInclude Include="..\..\..\include\async_io\network\socket_provider.hpp">
      <Filter>include\async_io\network</Filter>
    </ClInclude>
    <ClInclude Include="..\..\..\include\async_io\network\tcp.hpp">
      <Filter>include\async_io\network</Filter>
    </ClInclude>
    <ClInclude Include="..\..\..\include\async_io\network\udp.hpp">
      <Filter>include\async_io\network</Filter>
    </ClInclude>
    <ClInclude Include="..\..\..\include\async_io\service\async_result.hpp">
      <Filter>include\async_io\service</Filter>
    </ClInclude>
    <ClInclude Include="..\..\..\include\async_io\service\condition.hpp">
      <Filter>include\async_io\service</Filter>
    </ClInclude>
    <ClInclude Include="..\..\..\include\async_io\service\dispatcher.hpp">
      <Filter>include\async_io\service</Filter>
    </ClInclude>
    <ClInclude Include="..\..\..\include\async_io\service\exception.hpp">
      <Filter>include\async_io\service</Filter>
    </ClInclude>
    <ClInclude Include="..\..\..\include\async_io\service\iocp.hpp">
      <Filter>include\async_io\service</Filter>
    </ClInclude>
    <ClInclude Include="..\..\..\include\async_io\service\multi_buffer.hpp">
      <Filter>include\async_io\service</Filter>
    </ClInclude>
    <ClInclude Include="..\..\..\include\async_io\service\object_factory.hpp">
      <Filter>include\async_io\service</Filter>
    </ClInclude>
    <ClInclude Include="..\..\..\include\async_io\service\read.hpp">
      <Filter>include\async_io\service</Filter>
    </ClInclude>
    <ClInclude Include="..\..\..\include\async_io\service\read_write_buffer.hpp">
      <Filter>include\async_io\service</Filter>
    </ClInclude>
    <ClInclude Include="..\..\..\include\async_io\service\write.hpp">
      <Filter>include\async_io\service</Filter>
    </ClInclude>
    <ClInclude Include="..\..\..\include\async_io\basic.hpp">
      <Filter>include\async_io</Filter>
    </ClInclude>
    <ClInclude Include="..\..\..\include\async_io\network.hpp">
      <Filter>include\async_io</Filter>
    </ClInclude>
    <ClInclude Include="..\..\..\include\async_io\timer\timer.hpp">
      <Filter>include\async_io\timer</Filter>
    </ClInclude>
    <ClInclude Include="..\..\..\include\win32\debug\stack_walker.hpp">
      <Filter>include\win32\debug</Filter>
    </ClInclude>
    <ClInclude Include="..\..\..\include\async_io\timer\impl\basic_timer.hpp">
      <Filter>include\async_io\timer\detail</Filter>
    </ClInclude>
    <ClInclude Include="..\..\..\include\async_io\timer\impl\timer_impl.hpp">
      <Filter>include\async_io\timer\detail</Filter>
    </ClInclude>
    <ClInclude Include="..\..\..\include\async_io\timer\impl\timer_service.hpp">
      <Filter>include\async_io\timer\detail</Filter>
    </ClInclude>
  </ItemGroup>
</Project>