
Microsoft Visual Studio Solution File, Format Version 12.00
# Visual Studio 2013
VisualStudioVersion = 12.0.20617.1 PREVIEW
MinimumVisualStudioVersion = 10.0.40219.1
Project("{8BC9CEB8-8B4A-11D0-8D11-00A0C91BC942}") = "zero_copy_write", "zero_copy_write\zero_copy_write.vcxproj", "{E2C83173-5675-4F56-A5DA-78953B9CF318}"
EndProject
Global
	GlobalSection(SolutionConfigurationPlatforms) = preSolution
		Debug|Win32 = Debug|Win32
		Release|Win32 = Release|Win32
	EndGlobalSection
	GlobalSection(ProjectConfigurationPlatforms) = postSolution
		{E2C83173-5675-4F56-A5DA-78953B9CF318}.Debug|Win32.ActiveCfg = Debug|Win32
		{E2C83173-5675-4F56-A5DA-78953B9CF318}.Debug|Win32.Build.0 = Debug|Win32
		{E2C83173-5675-4F56-A5DA-78953B9CF318}.Release|Win32.ActiveCfg = Release|Win32
		{E2C83173-5675-4F56-A5DA-78953B9CF318}.Release|Win32.Build.0 = Release|Win32
	EndGlobalSection
	GlobalSection(SolutionProperties) = preSolution
		HideSolutionNode = FALSE
	EndGlobalSection
EndGlobal
